
Microsoft Visual Studio Solution File, Format Version 12.00
# Visual Studio Version 17
VisualStudioVersion = 17.9.34701.34
MinimumVisualStudioVersion = 10.0.40219.1
Project("{9A19103F-16F7-4668-BE54-9A1E7A4F7556}") = "Zufanci.Server", "Zufanci.Server\Zufanci.Server.csproj", "{92B97777-BADD-4DB9-8A9E-D352E9A736BB}"
EndProject
Project("{9A19103F-16F7-4668-BE54-9A1E7A4F7556}") = "Zufanci.Client", "Zufanci.Client\Zufanci.Client.csproj", "{B113ED9D-53F3-472B-98CB-A227B01E954F}"
EndProject
Project("{9A19103F-16F7-4668-BE54-9A1E7A4F7556}") = "Zufanci.Shared", "Zufanci.Shared\Zufanci.Shared.csproj", "{5055B624-E64D-4D1E-A9B9-0D27828571C4}"
EndProject
Global
	GlobalSection(SolutionConfigurationPlatforms) = preSolution
		Debug|Any CPU = Debug|Any CPU
		Release|Any CPU = Release|Any CPU
	EndGlobalSection
	GlobalSection(ProjectConfigurationPlatforms) = postSolution
		{92B97777-BADD-4DB9-8A9E-D352E9A736BB}.Debug|Any CPU.ActiveCfg = Debug|Any CPU
		{92B97777-BADD-4DB9-8A9E-D352E9A736BB}.Debug|Any CPU.Build.0 = Debug|Any CPU
		{92B97777-BADD-4DB9-8A9E-D352E9A736BB}.Release|Any CPU.ActiveCfg = Release|Any CPU
		{92B97777-BADD-4DB9-8A9E-D352E9A736BB}.Release|Any CPU.Build.0 = Release|Any CPU
		{B113ED9D-53F3-472B-98CB-A227B01E954F}.Debug|Any CPU.ActiveCfg = Debug|Any CPU
		{B113ED9D-53F3-472B-98CB-A227B01E954F}.Debug|Any CPU.Build.0 = Debug|Any CPU
		{B113ED9D-53F3-472B-98CB-A227B01E954F}.Release|Any CPU.ActiveCfg = Release|Any CPU
		{B113ED9D-53F3-472B-98CB-A227B01E954F}.Release|Any CPU.Build.0 = Release|Any CPU
		{5055B624-E64D-4D1E-A9B9-0D27828571C4}.Debug|Any CPU.ActiveCfg = Debug|Any CPU
		{5055B624-E64D-4D1E-A9B9-0D27828571C4}.Debug|Any CPU.Build.0 = Debug|Any CPU
		{5055B624-E64D-4D1E-A9B9-0D27828571C4}.Release|Any CPU.ActiveCfg = Release|Any CPU
		{5055B624-E64D-4D1E-A9B9-0D27828571C4}.Release|Any CPU.Build.0 = Release|Any CPU
	EndGlobalSection
	GlobalSection(SolutionProperties) = preSolution
		HideSolutionNode = FALSE
	EndGlobalSection
	GlobalSection(ExtensibilityGlobals) = postSolution
		SolutionGuid = {9A12CA73-1AE5-4DC4-8ABD-D14FB63ECC3F}
	EndGlobalSection
EndGlobal
